
Microsoft Visual Studio Solution File, Format Version 12.00
# Visual Studio Version 17
VisualStudioVersion = 17.1.32228.430
MinimumVisualStudioVersion = 10.0.40219.1
Project("{FAE04EC0-301F-11D3-BF4B-00C04F79EFBC}") = "sequence-memory-game", "sequence-memory-game\sequence-memory-game.csproj", "{AF1B6801-9C57-4168-A0E6-CF61E487F740}"
EndProject
Global
	GlobalSection(SolutionConfigurationPlatforms) = preSolution
		Debug|Any CPU = Debug|Any CPU
		Release|Any CPU = Release|Any CPU
	EndGlobalSection
	GlobalSection(ProjectConfigurationPlatforms) = postSolution
		{AF1B6801-9C57-4168-A0E6-CF61E487F740}.Debug|Any CPU.ActiveCfg = Debug|Any CPU
		{AF1B6801-9C57-4168-A0E6-CF61E487F740}.Debug|Any CPU.Build.0 = Debug|Any CPU
		{AF1B6801-9C57-4168-A0E6-CF61E487F740}.Release|Any CPU.ActiveCfg = Release|Any CPU
		{AF1B6801-9C57-4168-A0E6-CF61E487F740}.Release|Any CPU.Build.0 = Release|Any CPU
	EndGlobalSection
	GlobalSection(SolutionProperties) = preSolution
		HideSolutionNode = FALSE
	EndGlobalSection
	GlobalSection(ExtensibilityGlobals) = postSolution
		SolutionGuid = {6F04ECD0-3A22-4E29-8103-B4E8B8CA4EEE}
	EndGlobalSection
EndGlobal
